
Microsoft Visual Studio Solution File, Format Version 12.00
# Visual Studio Version 16
VisualStudioVersion = 16.0.30907.101
MinimumVisualStudioVersion = 10.0.40219.1
Project("{FAE04EC0-301F-11D3-BF4B-00C04F79EFBC}") = "Main", "ClassMetotDemo\Main.csproj", "{916CE52B-9A87-4D4E-96A1-EB74812FE303}"
EndProject
Global
	GlobalSection(SolutionConfigurationPlatforms) = preSolution
		Debug|Any CPU = Debug|Any CPU
		Release|Any CPU = Release|Any CPU
	EndGlobalSection
	GlobalSection(ProjectConfigurationPlatforms) = postSolution
		{916CE52B-9A87-4D4E-96A1-EB74812FE303}.Debug|Any CPU.ActiveCfg = Debug|Any CPU
		{916CE52B-9A87-4D4E-96A1-EB74812FE303}.Debug|Any CPU.Build.0 = Debug|Any CPU
		{916CE52B-9A87-4D4E-96A1-EB74812FE303}.Release|Any CPU.ActiveCfg = Release|Any CPU
		{916CE52B-9A87-4D4E-96A1-EB74812FE303}.Release|Any CPU.Build.0 = Release|Any CPU
	EndGlobalSection
	GlobalSection(SolutionProperties) = preSolution
		HideSolutionNode = FALSE
	EndGlobalSection
	GlobalSection(ExtensibilityGlobals) = postSolution
		SolutionGuid = {E4A8118E-0E3A-4901-A3EC-6FFD5DA8FFA8}
	EndGlobalSection
EndGlobal
